
Microsoft Visual Studio Solution File, Format Version 12.00
# Visual Studio Version 17
VisualStudioVersion = 17.0.32112.339
MinimumVisualStudioVersion = 10.0.40219.1
Project("{FAE04EC0-301F-11D3-BF4B-00C04F79EFBC}") = "Hasher", "Hasher\Hasher.csproj", "{5A0D55A1-5511-4F1F-8BAD-E95F61C0741B}"
EndProject
Global
	GlobalSection(SolutionConfigurationPlatforms) = preSolution
		Debug|Any CPU = Debug|Any CPU
		Release|Any CPU = Release|Any CPU
	EndGlobalSection
	GlobalSection(ProjectConfigurationPlatforms) = postSolution
		{5A0D55A1-5511-4F1F-8BAD-E95F61C0741B}.Debug|Any CPU.ActiveCfg = Debug|Any CPU
		{5A0D55A1-5511-4F1F-8BAD-E95F61C0741B}.Debug|Any CPU.Build.0 = Debug|Any CPU
		{5A0D55A1-5511-4F1F-8BAD-E95F61C0741B}.Release|Any CPU.ActiveCfg = Release|Any CPU
		{5A0D55A1-5511-4F1F-8BAD-E95F61C0741B}.Release|Any CPU.Build.0 = Release|Any CPU
	EndGlobalSection
	GlobalSection(SolutionProperties) = preSolution
		HideSolutionNode = FALSE
	EndGlobalSection
	GlobalSection(ExtensibilityGlobals) = postSolution
		SolutionGuid = {1FD50D7F-DF75-4DE2-9B96-E4F951ABDB27}
	EndGlobalSection
EndGlobal
